// !$*UTF8*$!
{
	archiveVersion = 1;
	classes = {
	};
	objectVersion = 50;
	objects = {

/* Begin PBXBuildFile section */
		274C656E20CC7EAE00D0686B /* numbers1.mlmodel in Sources */ = {isa = PBXBuildFile; fileRef = 274C656D20CC7EAE00D0686B /* numbers1.mlmodel */; };
		274C657020CC8CA700D0686B /* numbers.mlmodel in Sources */ = {isa = PBXBuildFile; fileRef = 274C656F20CC8CA700D0686B /* numbers.mlmodel */; };
		2796098520C350BB008C6665 /* MNIST.mlmodel in Sources */ = {isa = PBXBuildFile; fileRef = 2796098420C34FA3008C6665 /* MNIST.mlmodel */; };
		27DC44F8209C917400D346A9 /* AppDelegate.swift in Sources */ = {isa = PBXBuildFile; fileRef = 27DC44F7209C917400D346A9 /* AppDelegate.swift */; };
		27DC44FA209C917400D346A9 /* art.scnassets in Resources */ = {isa = PBXBuildFile; fileRef = 27DC44F9209C917400D346A9 /* art.scnassets */; };
		27DC44FC209C917400D346A9 /* ViewController.swift in Sources */ = {isa = PBXBuildFile; fileRef = 27DC44FB209C917400D346A9 /* ViewController.swift */; };
		27DC44FF209C917400D346A9 /* Main.storyboard in Resources */ = {isa = PBXBuildFile; fileRef = 27DC44FD209C917400D346A9 /* Main.storyboard */; };
		27DC4501209C917900D346A9 /* Assets.xcassets in Resources */ = {isa = PBXBuildFile; fileRef = 27DC4500209C917900D346A9 /* Assets.xcassets */; };
		27DC4504209C917900D346A9 /* LaunchScreen.storyboard in Resources */ = {isa = PBXBuildFile; fileRef = 27DC4502209C917900D346A9 /* LaunchScreen.storyboard */; };
		27DC450C209CF7B900D346A9 /* PlaneRectangle.swift in Sources */ = {isa = PBXBuildFile; fileRef = 27DC450B209CF7B900D346A9 /* PlaneRectangle.swift */; };
		27DC450E209D054500D346A9 /* RectangleNode.swift in Sources */ = {isa = PBXBuildFile; fileRef = 27DC450D209D054500D346A9 /* RectangleNode.swift */; };
		27DC4510209D0D7A00D346A9 /* SurfaceNode.swift in Sources */ = {isa = PBXBuildFile; fileRef = 27DC450F209D0D7A00D346A9 /* SurfaceNode.swift */; };
		27DC4513209D991000D346A9 /* ARHitTestResult.swift in Sources */ = {isa = PBXBuildFile; fileRef = 27DC4512209D991000D346A9 /* ARHitTestResult.swift */; };
		27DC4515209D995200D346A9 /* SCNVector3.swift in Sources */ = {isa = PBXBuildFile; fileRef = 27DC4514209D995200D346A9 /* SCNVector3.swift */; };
		27DC4517209D999300D346A9 /* Collection.swift in Sources */ = {isa = PBXBuildFile; fileRef = 27DC4516209D999300D346A9 /* Collection.swift */; };
		27DC4519209D99D600D346A9 /* UIView.swift in Sources */ = {isa = PBXBuildFile; fileRef = 27DC4518209D99D600D346A9 /* UIView.swift */; };
		27DC451C209DAE9B00D346A9 /* SudokuScene.swift in Sources */ = {isa = PBXBuildFile; fileRef = 27DC451B209DAE9B00D346A9 /* SudokuScene.swift */; };
/* End PBXBuildFile section */

/* Begin PBXFileReference section */
		274C656D20CC7EAE00D0686B /* numbers1.mlmodel */ = {isa = PBXFileReference; lastKnownFileType = file.mlmodel; name = numbers1.mlmodel; path = "../../digit-recognition/numbers1.mlmodel"; sourceTree = "<group>"; };
		274C656F20CC8CA700D0686B /* numbers.mlmodel */ = {isa = PBXFileReference; lastKnownFileType = file.mlmodel; name = numbers.mlmodel; path = "../../digit-recognition/numbers.mlmodel"; sourceTree = "<group>"; };
		2796098420C34FA3008C6665 /* MNIST.mlmodel */ = {isa = PBXFileReference; lastKnownFileType = file.mlmodel; path = MNIST.mlmodel; sourceTree = "<group>"; };
		27DC44F4209C917400D346A9 /* sudoku-solver.app */ = {isa = PBXFileReference; explicitFileType = wrapper.application; includeInIndex = 0; path = "sudoku-solver.app"; sourceTree = BUILT_PRODUCTS_DIR; };
		27DC44F7209C917400D346A9 /* AppDelegate.swift */ = {isa = PBXFileReference; lastKnownFileType = sourcecode.swift; path = AppDelegate.swift; sourceTree = "<group>"; };
		27DC44F9209C917400D346A9 /* art.scnassets */ = {isa = PBXFileReference; lastKnownFileType = wrapper.scnassets; path = art.scnassets; sourceTree = "<group>"; };
		27DC44FB209C917400D346A9 /* ViewController.swift */ = {isa = PBXFileReference; lastKnownFileType = sourcecode.swift; path = ViewController.swift; sourceTree = "<group>"; };
		27DC44FE209C917400D346A9 /* Base */ = {isa = PBXFileReference; lastKnownFileType = file.storyboard; name = Base; path = Base.lproj/Main.storyboard; sourceTree = "<group>"; };
		27DC4500209C917900D346A9 /* Assets.xcassets */ = {isa = PBXFileReference; lastKnownFileType = folder.assetcatalog; path = Assets.xcassets; sourceTree = "<group>"; };
		27DC4503209C917900D346A9 /* Base */ = {isa = PBXFileReference; lastKnownFileType = file.storyboard; name = Base; path = Base.lproj/LaunchScreen.storyboard; sourceTree = "<group>"; };
		27DC4505209C917900D346A9 /* Info.plist */ = {isa = PBXFileReference; lastKnownFileType = text.plist.xml; path = Info.plist; sourceTree = "<group>"; };
		27DC450B209CF7B900D346A9 /* PlaneRectangle.swift */ = {isa = PBXFileReference; lastKnownFileType = sourcecode.swift; path = PlaneRectangle.swift; sourceTree = "<group>"; };
		27DC450D209D054500D346A9 /* RectangleNode.swift */ = {isa = PBXFileReference; lastKnownFileType = sourcecode.swift; path = RectangleNode.swift; sourceTree = "<group>"; };
		27DC450F209D0D7A00D346A9 /* SurfaceNode.swift */ = {isa = PBXFileReference; lastKnownFileType = sourcecode.swift; path = SurfaceNode.swift; sourceTree = "<group>"; };
		27DC4512209D991000D346A9 /* ARHitTestResult.swift */ = {isa = PBXFileReference; lastKnownFileType = sourcecode.swift; path = ARHitTestResult.swift; sourceTree = "<group>"; };
		27DC4514209D995200D346A9 /* SCNVector3.swift */ = {isa = PBXFileReference; lastKnownFileType = sourcecode.swift; path = SCNVector3.swift; sourceTree = "<group>"; };
		27DC4516209D999300D346A9 /* Collection.swift */ = {isa = PBXFileReference; lastKnownFileType = sourcecode.swift; path = Collection.swift; sourceTree = "<group>"; };
		27DC4518209D99D600D346A9 /* UIView.swift */ = {isa = PBXFileReference; lastKnownFileType = sourcecode.swift; path = UIView.swift; sourceTree = "<group>"; };
		27DC451B209DAE9B00D346A9 /* SudokuScene.swift */ = {isa = PBXFileReference; lastKnownFileType = sourcecode.swift; path = SudokuScene.swift; sourceTree = "<group>"; };
/* End PBXFileReference section */

/* Begin PBXFrameworksBuildPhase section */
		27DC44F1209C917400D346A9 /* Frameworks */ = {
			isa = PBXFrameworksBuildPhase;
			buildActionMask = 2147483647;
			files = (
			);
			runOnlyForDeploymentPostprocessing = 0;
		};
/* End PBXFrameworksBuildPhase section */

/* Begin PBXGroup section */
		27DC44EB209C917400D346A9 = {
			isa = PBXGroup;
			children = (
				27DC44F6209C917400D346A9 /* sudoku-solver */,
				27DC44F5209C917400D346A9 /* Products */,
			);
			sourceTree = "<group>";
		};
		27DC44F5209C917400D346A9 /* Products */ = {
			isa = PBXGroup;
			children = (
				27DC44F4209C917400D346A9 /* sudoku-solver.app */,
			);
			name = Products;
			sourceTree = "<group>";
		};
		27DC44F6209C917400D346A9 /* sudoku-solver */ = {
			isa = PBXGroup;
			children = (
				274C656F20CC8CA700D0686B /* numbers.mlmodel */,
				274C656D20CC7EAE00D0686B /* numbers1.mlmodel */,
				2796098420C34FA3008C6665 /* MNIST.mlmodel */,
				27DC451A209D9A1200D346A9 /* Nodes */,
				27DC4511209D98A800D346A9 /* Extensions */,
				27DC44F7209C917400D346A9 /* AppDelegate.swift */,
				27DC44FB209C917400D346A9 /* ViewController.swift */,
				27DC450B209CF7B900D346A9 /* PlaneRectangle.swift */,
				27DC451B209DAE9B00D346A9 /* SudokuScene.swift */,
				27DC44FD209C917400D346A9 /* Main.storyboard */,
				27DC44F9209C917400D346A9 /* art.scnassets */,
				27DC4500209C917900D346A9 /* Assets.xcassets */,
				27DC4502209C917900D346A9 /* LaunchScreen.storyboard */,
				27DC4505209C917900D346A9 /* Info.plist */,
			);
			path = "sudoku-solver";
			sourceTree = "<group>";
		};
		27DC4511209D98A800D346A9 /* Extensions */ = {
			isa = PBXGroup;
			children = (
				27DC4512209D991000D346A9 /* ARHitTestResult.swift */,
				27DC4514209D995200D346A9 /* SCNVector3.swift */,
				27DC4516209D999300D346A9 /* Collection.swift */,
				27DC4518209D99D600D346A9 /* UIView.swift */,
			);
			path = Extensions;
			sourceTree = "<group>";
		};
		27DC451A209D9A1200D346A9 /* Nodes */ = {
			isa = PBXGroup;
			children = (
				27DC450F209D0D7A00D346A9 /* SurfaceNode.swift */,
				27DC450D209D054500D346A9 /* RectangleNode.swift */,
			);
			path = Nodes;
			sourceTree = "<group>";
		};
/* End PBXGroup section */

/* Begin PBXNativeTarget section */
		27DC44F3209C917400D346A9 /* sudoku-solver */ = {
			isa = PBXNativeTarget;
			buildConfigurationList = 27DC4508209C917900D346A9 /* Build configuration list for PBXNativeTarget "sudoku-solver" */;
			buildPhases = (
				27DC44F0209C917400D346A9 /* Sources */,
				27DC44F1209C917400D346A9 /* Frameworks */,
				27DC44F2209C917400D346A9 /* Resources */,
			);
			buildRules = (
			);
			dependencies = (
			);
			name = "sudoku-solver";
			productName = "sudoku-solver";
			productReference = 27DC44F4209C917400D346A9 /* sudoku-solver.app */;
			productType = "com.apple.product-type.application";
		};
/* End PBXNativeTarget section */

/* Begin PBXProject section */
		27DC44EC209C917400D346A9 /* Project object */ = {
			isa = PBXProject;
			attributes = {
				LastSwiftUpdateCheck = 0930;
				LastUpgradeCheck = 0930;
				ORGANIZATIONNAME = "Patryk Scheffler";
				TargetAttributes = {
					27DC44F3209C917400D346A9 = {
						CreatedOnToolsVersion = 9.3;
					};
				};
			};
			buildConfigurationList = 27DC44EF209C917400D346A9 /* Build configuration list for PBXProject "sudoku-solver" */;
			compatibilityVersion = "Xcode 9.3";
			developmentRegion = en;
			hasScannedForEncodings = 0;
			knownRegions = (
				en,
				Base,
			);
			mainGroup = 27DC44EB209C917400D346A9;
			productRefGroup = 27DC44F5209C917400D346A9 /* Products */;
			projectDirPath = "";
			projectRoot = "";
			targets = (
				27DC44F3209C917400D346A9 /* sudoku-solver */,
			);
		};
/* End PBXProject section */

/* Begin PBXResourcesBuildPhase section */
		27DC44F2209C917400D346A9 /* Resources */ = {
			isa = PBXResourcesBuildPhase;
			buildActionMask = 2147483647;
			files = (
				27DC44FA209C917400D346A9 /* art.scnassets in Resources */,
				27DC4504209C917900D346A9 /* LaunchScreen.storyboard in Resources */,
				27DC4501209C917900D346A9 /* Assets.xcassets in Resources */,
				27DC44FF209C917400D346A9 /* Main.storyboard in Resources */,
			);
			runOnlyForDeploymentPostprocessing = 0;
		};
/* End PBXResourcesBuildPhase section */

/* Begin PBXSourcesBuildPhase section */
		27DC44F0209C917400D346A9 /* Sources */ = {
			isa = PBXSourcesBuildPhase;
			buildActionMask = 2147483647;
			files = (
				27DC44FC209C917400D346A9 /* ViewController.swift in Sources */,
				27DC450E209D054500D346A9 /* RectangleNode.swift in Sources */,
				274C657020CC8CA700D0686B /* numbers.mlmodel in Sources */,
				27DC44F8209C917400D346A9 /* AppDelegate.swift in Sources */,
				27DC4513209D991000D346A9 /* ARHitTestResult.swift in Sources */,
				2796098520C350BB008C6665 /* MNIST.mlmodel in Sources */,
				27DC450C209CF7B900D346A9 /* PlaneRectangle.swift in Sources */,
				27DC451C209DAE9B00D346A9 /* SudokuScene.swift in Sources */,
				27DC4510209D0D7A00D346A9 /* SurfaceNode.swift in Sources */,
				27DC4515209D995200D346A9 /* SCNVector3.swift in Sources */,
				274C656E20CC7EAE00D0686B /* numbers1.mlmodel in Sources */,
				27DC4519209D99D600D346A9 /* UIView.swift in Sources */,
				27DC4517209D999300D346A9 /* Collection.swift in Sources */,
			);
			runOnlyForDeploymentPostprocessing = 0;
		};
/* End PBXSourcesBuildPhase section */

/* Begin PBXVariantGroup section */
		27DC44FD209C917400D346A9 /* Main.storyboard */ = {
			isa = PBXVariantGroup;
			children = (
				27DC44FE209C917400D346A9 /* Base */,
			);
			name = Main.storyboard;
			sourceTree = "<group>";
		};
		27DC4502209C917900D346A9 /* LaunchScreen.storyboard */ = {
			isa = PBXVariantGroup;
			children = (
				27DC4503209C917900D346A9 /* Base */,
			);
			name = LaunchScreen.storyboard;
			sourceTree = "<group>";
		};
/* End PBXVariantGroup section */

/* Begin XCBuildConfiguration section */
		27DC4506209C917900D346A9 /* Debug */ = {
			isa = XCBuildConfiguration;
			buildSettings = {
				ALWAYS_SEARCH_USER_PATHS = NO;
				CLANG_ANALYZER_NONNULL = YES;
				CLANG_ANALYZER_NUMBER_OBJECT_CONVERSION = YES_AGGRESSIVE;
				CLANG_CXX_LANGUAGE_STANDARD = "gnu++14";
				CLANG_CXX_LIBRARY = "libc++";
				CLANG_ENABLE_MODULES = YES;
				CLANG_ENABLE_OBJC_ARC = YES;
				CLANG_ENABLE_OBJC_WEAK = YES;
				CLANG_WARN_BLOCK_CAPTURE_AUTORELEASING = YES;
				CLANG_WARN_BOOL_CONVERSION = YES;
				CLANG_WARN_COMMA = YES;
				CLANG_WARN_CONSTANT_CONVERSION = YES;
				CLANG_WARN_DEPRECATED_OBJC_IMPLEMENTATIONS = YES;
				CLANG_WARN_DIRECT_OBJC_ISA_USAGE = YES_ERROR;
				CLANG_WARN_DOCUMENTATION_COMMENTS = YES;
				CLANG_WARN_EMPTY_BODY = YES;
				CLANG_WARN_ENUM_CONVERSION = YES;
				CLANG_WARN_INFINITE_RECURSION = YES;
				CLANG_WARN_INT_CONVERSION = YES;
				CLANG_WARN_NON_LITERAL_NULL_CONVERSION = YES;
				CLANG_WARN_OBJC_IMPLICIT_RETAIN_SELF = YES;
				CLANG_WARN_OBJC_LITERAL_CONVERSION = YES;
				CLANG_WARN_OBJC_ROOT_CLASS = YES_ERROR;
				CLANG_WARN_RANGE_LOOP_ANALYSIS = YES;
				CLANG_WARN_STRICT_PROTOTYPES = YES;
				CLANG_WARN_SUSPICIOUS_MOVE = YES;
				CLANG_WARN_UNGUARDED_AVAILABILITY = YES_AGGRESSIVE;
				CLANG_WARN_UNREACHABLE_CODE = YES;
				CLANG_WARN__DUPLICATE_METHOD_MATCH = YES;
				CODE_SIGN_IDENTITY = "iPhone Developer";
				COPY_PHASE_STRIP = NO;
				DEBUG_INFORMATION_FORMAT = dwarf;
				ENABLE_STRICT_OBJC_MSGSEND = YES;
				ENABLE_TESTABILITY = YES;
				GCC_C_LANGUAGE_STANDARD = gnu11;
				GCC_DYNAMIC_NO_PIC = NO;
				GCC_NO_COMMON_BLOCKS = YES;
				GCC_OPTIMIZATION_LEVEL = 0;
				GCC_PREPROCESSOR_DEFINITIONS = (
					"DEBUG=1",
					"$(inherited)",
				);
				GCC_WARN_64_TO_32_BIT_CONVERSION = YES;
				GCC_WARN_ABOUT_RETURN_TYPE = YES_ERROR;
				GCC_WARN_UNDECLARED_SELECTOR = YES;
				GCC_WARN_UNINITIALIZED_AUTOS = YES_AGGRESSIVE;
				GCC_WARN_UNUSED_FUNCTION = YES;
				GCC_WARN_UNUSED_VARIABLE = YES;
				IPHONEOS_DEPLOYMENT_TARGET = 11.3;
				MTL_ENABLE_DEBUG_INFO = YES;
				ONLY_ACTIVE_ARCH = YES;
				SDKROOT = iphoneos;
				SWIFT_ACTIVE_COMPILATION_CONDITIONS = DEBUG;
				SWIFT_OPTIMIZATION_LEVEL = "-Onone";
			};
			name = Debug;
		};
		27DC4507209C917900D346A9 /* Release */ = {
			isa = XCBuildConfiguration;
			buildSettings = {
				ALWAYS_SEARCH_USER_PATHS = NO;
				CLANG_ANALYZER_NONNULL = YES;
				CLANG_ANALYZER_NUMBER_OBJECT_CONVERSION = YES_AGGRESSIVE;
				CLANG_CXX_LANGUAGE_STANDARD = "gnu++14";
				CLANG_CXX_LIBRARY = "libc++";
				CLANG_ENABLE_MODULES = YES;
				CLANG_ENABLE_OBJC_ARC = YES;
				CLANG_ENABLE_OBJC_WEAK = YES;
				CLANG_WARN_BLOCK_CAPTURE_AUTORELEASING = YES;
				CLANG_WARN_BOOL_CONVERSION = YES;
				CLANG_WARN_COMMA = YES;
				CLANG_WARN_CONSTANT_CONVERSION = YES;
				CLANG_WARN_DEPRECATED_OBJC_IMPLEMENTATIONS = YES;
				CLANG_WARN_DIRECT_OBJC_ISA_USAGE = YES_ERROR;
				CLANG_WARN_DOCUMENTATION_COMMENTS = YES;
				CLANG_WARN_EMPTY_BODY = YES;
				CLANG_WARN_ENUM_CONVERSION = YES;
				CLANG_WARN_INFINITE_RECURSION = YES;
				CLANG_WARN_INT_CONVERSION = YES;
				CLANG_WARN_NON_LITERAL_NULL_CONVERSION = YES;
				CLANG_WARN_OBJC_IMPLICIT_RETAIN_SELF = YES;
				CLANG_WARN_OBJC_LITERAL_CONVERSION = YES;
				CLANG_WARN_OBJC_ROOT_CLASS = YES_ERROR;
				CLANG_WARN_RANGE_LOOP_ANALYSIS = YES;
				CLANG_WARN_STRICT_PROTOTYPES = YES;
				CLANG_WARN_SUSPICIOUS_MOVE = YES;
				CLANG_WARN_UNGUARDED_AVAILABILITY = YES_AGGRESSIVE;
				CLANG_WARN_UNREACHABLE_CODE = YES;
				CLANG_WARN__DUPLICATE_METHOD_MATCH = YES;
				CODE_SIGN_IDENTITY = "iPhone Developer";
				COPY_PHASE_STRIP = NO;
				DEBUG_INFORMATION_FORMAT = "dwarf-with-dsym";
				ENABLE_NS_ASSERTIONS = NO;
				ENABLE_STRICT_OBJC_MSGSEND = YES;
				GCC_C_LANGUAGE_STANDARD = gnu11;
				GCC_NO_COMMON_BLOCKS = YES;
				GCC_WARN_64_TO_32_BIT_CONVERSION = YES;
				GCC_WARN_ABOUT_RETURN_TYPE = YES_ERROR;
				GCC_WARN_UNDECLARED_SELECTOR = YES;
				GCC_WARN_UNINITIALIZED_AUTOS = YES_AGGRESSIVE;
				GCC_WARN_UNUSED_FUNCTION = YES;
				GCC_WARN_UNUSED_VARIABLE = YES;
				IPHONEOS_DEPLOYMENT_TARGET = 11.3;
				MTL_ENABLE_DEBUG_INFO = NO;
				SDKROOT = iphoneos;
				SWIFT_COMPILATION_MODE = wholemodule;
				SWIFT_OPTIMIZATION_LEVEL = "-O";
				VALIDATE_PRODUCT = YES;
			};
			name = Release;
		};
		27DC4509209C917900D346A9 /* Debug */ = {
			isa = XCBuildConfiguration;
			buildSettings = {
				ASSETCATALOG_COMPILER_APPICON_NAME = AppIcon;
				CODE_SIGN_STYLE = Automatic;
				DEVELOPMENT_TEAM = 6J4ZDN9NKH;
				INFOPLIST_FILE = "sudoku-solver/Info.plist";
				LD_RUNPATH_SEARCH_PATHS = (
					"$(inherited)",
					"@executable_path/Frameworks",
				);
				PRODUCT_BUNDLE_IDENTIFIER = "com.patrykscheffler.sudoku-solver";
				PRODUCT_NAME = "$(TARGET_NAME)";
				SWIFT_VERSION = 4.0;
				TARGETED_DEVICE_FAMILY = "1,2";
			};
			name = Debug;
		};
		27DC450A209C917900D346A9 /* Release */ = {
			isa = XCBuildConfiguration;
			buildSettings = {
				ASSETCATALOG_COMPILER_APPICON_NAME = AppIcon;
				CODE_SIGN_STYLE = Automatic;
				DEVELOPMENT_TEAM = 6J4ZDN9NKH;
				INFOPLIST_FILE = "sudoku-solver/Info.plist";
				LD_RUNPATH_SEARCH_PATHS = (
					"$(inherited)",
					"@executable_path/Frameworks",
				);
				PRODUCT_BUNDLE_IDENTIFIER = "com.patrykscheffler.sudoku-solver";
				PRODUCT_NAME = "$(TARGET_NAME)";
				SWIFT_VERSION = 4.0;
				TARGETED_DEVICE_FAMILY = "1,2";
			};
			name = Release;
		};
/* End XCBuildConfiguration section */

/* Begin XCConfigurationList section */
		27DC44EF209C917400D346A9 /* Build configuration list for PBXProject "sudoku-solver" */ = {
			isa = XCConfigurationList;
			buildConfigurations = (
				27DC4506209C917900D346A9 /* Debug */,
				27DC4507209C917900D346A9 /* Release */,
			);
			defaultConfigurationIsVisible = 0;
			defaultConfigurationName = Release;
		};
		27DC4508209C917900D346A9 /* Build configuration list for PBXNativeTarget "sudoku-solver" */ = {
			isa = XCConfigurationList;
			buildConfigurations = (
				27DC4509209C917900D346A9 /* Debug */,
				27DC450A209C917900D346A9 /* Release */,
			);
			defaultConfigurationIsVisible = 0;
			defaultConfigurationName = Release;
		};
/* End XCConfigurationList section */
	};
	rootObject = 27DC44EC209C917400D346A9 /* Project object */;
}
